
Microsoft Visual Studio Solution File, Format Version 12.00
# Visual Studio 15
VisualStudioVersion = 15.0.28307.960
MinimumVisualStudioVersion = 10.0.40219.1
Project("{FAE04EC0-301F-11D3-BF4B-00C04F79EFBC}") = "Aplikacija", "Aplikacija\Aplikacija.csproj", "{56657D5A-4949-4818-BF56-BB72B498139F}"
EndProject
Project("{FAE04EC0-301F-11D3-BF4B-00C04F79EFBC}") = "DataBaseBroker", "DataBaseBroker\DataBaseBroker.csproj", "{D2283F53-23DB-4EF0-A270-A0B88303DA3B}"
EndProject
Project("{FAE04EC0-301F-11D3-BF4B-00C04F79EFBC}") = "Domain", "Domain\Domain.csproj", "{6679F703-2C34-4192-8840-0B3FC478346A}"
EndProject
Global
	GlobalSection(SolutionConfigurationPlatforms) = preSolution
		Debug|Any CPU = Debug|Any CPU
		Release|Any CPU = Release|Any CPU
	EndGlobalSection
	GlobalSection(ProjectConfigurationPlatforms) = postSolution
		{56657D5A-4949-4818-BF56-BB72B498139F}.Debug|Any CPU.ActiveCfg = Debug|Any CPU
		{56657D5A-4949-4818-BF56-BB72B498139F}.Debug|Any CPU.Build.0 = Debug|Any CPU
		{56657D5A-4949-4818-BF56-BB72B498139F}.Release|Any CPU.ActiveCfg = Release|Any CPU
		{56657D5A-4949-4818-BF56-BB72B498139F}.Release|Any CPU.Build.0 = Release|Any CPU
		{D2283F53-23DB-4EF0-A270-A0B88303DA3B}.Debug|Any CPU.ActiveCfg = Debug|Any CPU
		{D2283F53-23DB-4EF0-A270-A0B88303DA3B}.Debug|Any CPU.Build.0 = Debug|Any CPU
		{D2283F53-23DB-4EF0-A270-A0B88303DA3B}.Release|Any CPU.ActiveCfg = Release|Any CPU
		{D2283F53-23DB-4EF0-A270-A0B88303DA3B}.Release|Any CPU.Build.0 = Release|Any CPU
		{6679F703-2C34-4192-8840-0B3FC478346A}.Debug|Any CPU.ActiveCfg = Debug|Any CPU
		{6679F703-2C34-4192-8840-0B3FC478346A}.Debug|Any CPU.Build.0 = Debug|Any CPU
		{6679F703-2C34-4192-8840-0B3FC478346A}.Release|Any CPU.ActiveCfg = Release|Any CPU
		{6679F703-2C34-4192-8840-0B3FC478346A}.Release|Any CPU.Build.0 = Release|Any CPU
	EndGlobalSection
	GlobalSection(SolutionProperties) = preSolution
		HideSolutionNode = FALSE
	EndGlobalSection
	GlobalSection(ExtensibilityGlobals) = postSolution
		SolutionGuid = {9C47DA59-BCB2-4814-807D-B931905053B8}
	EndGlobalSection
EndGlobal
